
Microsoft Visual Studio Solution File, Format Version 12.00
# Visual Studio Version 17
VisualStudioVersion = 17.8.34316.72
MinimumVisualStudioVersion = 10.0.40219.1
Project("{FAE04EC0-301F-11D3-BF4B-00C04F79EFBC}") = "SpreadBenchmark", "SpreadBenchmark\SpreadBenchmark.csproj", "{1557D45E-2F8A-42AA-899C-02674C076375}"
EndProject
Global
	GlobalSection(SolutionConfigurationPlatforms) = preSolution
		Debug|Any CPU = Debug|Any CPU
		Release|Any CPU = Release|Any CPU
	EndGlobalSection
	GlobalSection(ProjectConfigurationPlatforms) = postSolution
		{1557D45E-2F8A-42AA-899C-02674C076375}.Debug|Any CPU.ActiveCfg = Debug|Any CPU
		{1557D45E-2F8A-42AA-899C-02674C076375}.Debug|Any CPU.Build.0 = Debug|Any CPU
		{1557D45E-2F8A-42AA-899C-02674C076375}.Release|Any CPU.ActiveCfg = Release|Any CPU
		{1557D45E-2F8A-42AA-899C-02674C076375}.Release|Any CPU.Build.0 = Release|Any CPU
	EndGlobalSection
	GlobalSection(SolutionProperties) = preSolution
		HideSolutionNode = FALSE
	EndGlobalSection
	GlobalSection(ExtensibilityGlobals) = postSolution
		SolutionGuid = {05D5D5F4-93C4-42CF-BDF3-9FA42AA2BF99}
	EndGlobalSection
EndGlobal
